
Microsoft Visual Studio Solution File, Format Version 12.00
# Visual Studio 15
VisualStudioVersion = 15.0.28010.2050
MinimumVisualStudioVersion = 10.0.40219.1
Project("{FAE04EC0-301F-11D3-BF4B-00C04F79EFBC}") = "BackEndProduct", "BackEndProduct\BackEndProduct.csproj", "{128C3D91-3FD0-442B-9763-7C6F0D6C5C44}"
EndProject
Global
	GlobalSection(SolutionConfigurationPlatforms) = preSolution
		Debug|Any CPU = Debug|Any CPU
		Release|Any CPU = Release|Any CPU
	EndGlobalSection
	GlobalSection(ProjectConfigurationPlatforms) = postSolution
		{128C3D91-3FD0-442B-9763-7C6F0D6C5C44}.Debug|Any CPU.ActiveCfg = Debug|Any CPU
		{128C3D91-3FD0-442B-9763-7C6F0D6C5C44}.Debug|Any CPU.Build.0 = Debug|Any CPU
		{128C3D91-3FD0-442B-9763-7C6F0D6C5C44}.Release|Any CPU.ActiveCfg = Release|Any CPU
		{128C3D91-3FD0-442B-9763-7C6F0D6C5C44}.Release|Any CPU.Build.0 = Release|Any CPU
	EndGlobalSection
	GlobalSection(SolutionProperties) = preSolution
		HideSolutionNode = FALSE
	EndGlobalSection
	GlobalSection(ExtensibilityGlobals) = postSolution
		SolutionGuid = {C261A41D-A189-454A-BE97-A3697A06B709}
	EndGlobalSection
EndGlobal
